
Microsoft Visual Studio Solution File, Format Version 12.00
# Visual Studio Version 16
VisualStudioVersion = 16.0.31321.278
MinimumVisualStudioVersion = 10.0.40219.1
Project("{FAE04EC0-301F-11D3-BF4B-00C04F79EFBC}") = "webAPI", "webAPI\webAPI.csproj", "{D820B749-62DB-461F-8AD1-CF8E2A1E319C}"
EndProject
Global
	GlobalSection(SolutionConfigurationPlatforms) = preSolution
		Debug|Any CPU = Debug|Any CPU
		Release|Any CPU = Release|Any CPU
	EndGlobalSection
	GlobalSection(ProjectConfigurationPlatforms) = postSolution
		{D820B749-62DB-461F-8AD1-CF8E2A1E319C}.Debug|Any CPU.ActiveCfg = Debug|Any CPU
		{D820B749-62DB-461F-8AD1-CF8E2A1E319C}.Debug|Any CPU.Build.0 = Debug|Any CPU
		{D820B749-62DB-461F-8AD1-CF8E2A1E319C}.Release|Any CPU.ActiveCfg = Release|Any CPU
		{D820B749-62DB-461F-8AD1-CF8E2A1E319C}.Release|Any CPU.Build.0 = Release|Any CPU
	EndGlobalSection
	GlobalSection(SolutionProperties) = preSolution
		HideSolutionNode = FALSE
	EndGlobalSection
	GlobalSection(ExtensibilityGlobals) = postSolution
		SolutionGuid = {638BBE93-CC26-46A0-A6AF-0D449E736FEB}
	EndGlobalSection
EndGlobal
